{
  "name": "ajs-hw-3.2",
  "version": "1.0.0",
  "lockfileVersion": 2,
  "requires": true,
  "packages": {
    "": {
      "name": "ajs-hw-3.2",
      "version": "1.0.0",
      "license": "ISC",
      "dependencies": {
        "@jenyadio/ajs-hw-3.1": "^1.0.0"
      }
    },
    "node_modules/@jenyadio/ajs-hw-3.1": {
      "version": "1.0.0",
      "resolved": "https://npm.pkg.github.com/download/@jenyadio/ajs-hw-3.1/1.0.0/deb14074e5b8982d1e2086ff67cbbf6c1cbfbf5776f55ed77f66376e4a6a3f7b",
      "integrity": "sha512-Cooa3HQ+/u/Vk39cirtkMslYBywDimJkE/BnlT4xhTKrv1ZcYY3nhOM3PjBWVwqU9L6PHlA2Q7g1WASl6mpQlg==",
      "license": "ISC"
    }
  },
  "dependencies": {
    "@jenyadio/ajs-hw-3.1": {
      "version": "1.0.0",
      "resolved": "https://npm.pkg.github.com/download/@jenyadio/ajs-hw-3.1/1.0.0/deb14074e5b8982d1e2086ff67cbbf6c1cbfbf5776f55ed77f66376e4a6a3f7b",
      "integrity": "sha512-Cooa3HQ+/u/Vk39cirtkMslYBywDimJkE/BnlT4xhTKrv1ZcYY3nhOM3PjBWVwqU9L6PHlA2Q7g1WASl6mpQlg=="
    }
  }
}
